{
  "name": "Lookogs",
  "lockfileVersion": 3,
  "requires": true,
  "packages": {
    "": {
      "dependencies": {
        "@appsignal/javascript": "^1.6.1",
        "@fastify/rate-limit": "^11.2.0"
      }
    },
    "node_modules/@appsignal/javascript": {
      "version": "1.6.1",
      "resolved": "https://registry.npmjs.org/@appsignal/javascript/-/javascript-1.6.1.tgz",
      "integrity": "sha512-jRVkTYsLC7tM5no6V2Fw2Vc325KRKductkEEHzXTS+upZdBgzkxeTQ1MjuPcfN73vUEplaaP6tMkqv7Ids6frg==",
      "license": "MIT",
      "dependencies": {
        "tslib": "^2.3.0"
      }
    },
    "node_modules/@fastify/rate-limit": {
      "version": "11.2.0",
      "resolved": "https://registry.npmjs.org/@fastify/rate-limit/-/rate-limit-11.2.0.tgz",
      "integrity": "sha512-X7osJd4XSvMoejYrnJkSZYYjY1eNYoBqhjlzf1RakC2204qExFqZFTKj5+T7VuzA/iUI9Z3UoSqQRkB2HpG0oQ==",
      "funding": [
        {
          "type": "github",
          "url": "https://github.com/sponsors/fastify"
        },
        {
          "type": "opencollective",
          "url": "https://opencollective.com/fastify"
        }
      ],
      "license": "MIT",
      "dependencies": {
        "@lukeed/ms": "^2.0.2",
        "fastify-plugin": "^6.0.0",
        "ip-address": "^10.2.0",
        "toad-cache": "^3.7.0"
      }
    },
    "node_modules/@lukeed/ms": {
      "version": "2.0.2",
      "resolved": "https://registry.npmjs.org/@lukeed/ms/-/ms-2.0.2.tgz",
      "integrity": "sha512-9I2Zn6+NJLfaGoz9jN3lpwDgAYvfGeNYdbAIjJOqzs4Tpc+VU3Jqq4IofSUBKajiDS8k9fZIg18/z13mpk1bsA==",
      "license": "MIT",
      "engines": {
        "node": ">=8"
      }
    },
    "node_modules/fastify-plugin": {
      "version": "6.0.0",
      "resolved": "https://registry.npmjs.org/fastify-plugin/-/fastify-plugin-6.0.0.tgz",
      "integrity": "sha512-fZOty7z3O7vOliF6d8bHE3wiEh1KcNnKEQensSgTk9C1DvN6nRLS++XVd86v33Hw/8u9Un8A1zDrQ8ujcQDHEg==",
      "funding": [
        {
          "type": "github",
          "url": "https://github.com/sponsors/fastify"
        },
        {
          "type": "opencollective",
          "url": "https://opencollective.com/fastify"
        }
      ],
      "license": "MIT"
    },
    "node_modules/ip-address": {
      "version": "10.4.0",
      "resolved": "https://registry.npmjs.org/ip-address/-/ip-address-10.4.0.tgz",
      "integrity": "sha512-oSK96Grm3aP6OrS263xVxbNDGVL7rzBtYdpGqlDG8iQdoenDoTs/nkki+DflYbAEE8Xl6o5YxhxlrKvI3nqKXQ==",
      "license": "MIT",
      "engines": {
        "node": ">= 12"
      }
    },
    "node_modules/toad-cache": {
      "version": "3.7.4",
      "resolved": "https://registry.npmjs.org/toad-cache/-/toad-cache-3.7.4.tgz",
      "integrity": "sha512-m1TdR/rvT7kgGJZhspNtXdsdYk0fddFpJJFlG5s+UkPFo6lkLoZ3YLOaovPYjq1R75NP5JfeTlSHaOsE09peCg==",
      "license": "MIT",
      "engines": {
        "node": ">=20"
      }
    },
    "node_modules/tslib": {
      "version": "2.8.1",
      "resolved": "https://registry.npmjs.org/tslib/-/tslib-2.8.1.tgz",
      "integrity": "sha512-oJFu94HQb+KVduSUQL7wnpmqnfmLsOA/nAh6b6EH0wCEoK0/mPeXU6c3wKDV83MkOuHPRHtSXKKU99IBazS/2w==",
      "license": "0BSD"
    }
  }
}
